
Microsoft Visual Studio Solution File, Format Version 12.00
# Visual Studio Version 17
VisualStudioVersion = 17.4.33205.214
MinimumVisualStudioVersion = 10.0.40219.1
Project("{9A19103F-16F7-4668-BE54-9A1E7A4F7556}") = "BakerySystem.Web", "BakerySystem.Web\BakerySystem.Web.csproj", "{41EB8B51-A0B6-4DBC-8623-991AAC623C18}"
EndProject
Project("{9A19103F-16F7-4668-BE54-9A1E7A4F7556}") = "BakerySystem.Common", "BakerySystem.Common\BakerySystem.Common.csproj", "{94B7AB7D-8AF8-4F65-93AA-7BAAC95E7BE3}"
EndProject
Project("{2150E333-8FDC-42A3-9474-1A3956D46DE8}") = "Web", "Web", "{7FCA85EB-D1D0-4624-859B-1CE6EEE25654}"
EndProject
Project("{2150E333-8FDC-42A3-9474-1A3956D46DE8}") = "Data", "Data", "{7C8F2A39-7954-43E8-B0EC-37F466C6B3B3}"
EndProject
Project("{9A19103F-16F7-4668-BE54-9A1E7A4F7556}") = "BakerySystem.Data", "BakerySystem.Data\BakerySystem.Data.csproj", "{4E9BDBE9-D342-4724-A407-158D73B4286D}"
EndProject
Project("{9A19103F-16F7-4668-BE54-9A1E7A4F7556}") = "BakerySystem.Data.Models", "BakerySystem.Data.Models\BakerySystem.Data.Models.csproj", "{BD5D8EAF-8110-457A-99F2-0712C08999FB}"
EndProject
Project("{9A19103F-16F7-4668-BE54-9A1E7A4F7556}") = "BakerySystem.Web.ViewModels", "BakerySystem.Web.ViewModels\BakerySystem.Web.ViewModels.csproj", "{0373706C-2DA4-414E-9B2D-59D4AB715E36}"
EndProject
Project("{2150E333-8FDC-42A3-9474-1A3956D46DE8}") = "Services", "Services", "{877EB2FB-CDD6-4E1B-9329-DE46C72252FB}"
EndProject
Project("{9A19103F-16F7-4668-BE54-9A1E7A4F7556}") = "BakerySystem.Services", "BakerySystem.Services\BakerySystem.Services.csproj", "{0F2B317C-5ABC-4B75-BC0D-1D6F085FEDBE}"
EndProject
Project("{9A19103F-16F7-4668-BE54-9A1E7A4F7556}") = "BakerySystem.Web.Infrastructure", "BakerySystem.Web.Infrastructure\BakerySystem.Web.Infrastructure.csproj", "{EF32AA24-6B89-435C-B36D-89D1DD39B4B0}"
EndProject
Project("{9A19103F-16F7-4668-BE54-9A1E7A4F7556}") = "BakerySystem.WebApi", "BakerySystem.WebApi\BakerySystem.WebApi.csproj", "{B10233BE-DC4E-4422-A828-5C191ADFF4B4}"
EndProject
Project("{FAE04EC0-301F-11D3-BF4B-00C04F79EFBC}") = "BakerySystem.Web.Identity", "BakerySystem.Web.Identity\BakerySystem.Web.Identity.csproj", "{FF503336-907D-4D14-8F75-96D33A1E6DD6}"
EndProject
Global
	GlobalSection(SolutionConfigurationPlatforms) = preSolution
		Debug|Any CPU = Debug|Any CPU
		Release|Any CPU = Release|Any CPU
	EndGlobalSection
	GlobalSection(ProjectConfigurationPlatforms) = postSolution
		{41EB8B51-A0B6-4DBC-8623-991AAC623C18}.Debug|Any CPU.ActiveCfg = Debug|Any CPU
		{41EB8B51-A0B6-4DBC-8623-991AAC623C18}.Debug|Any CPU.Build.0 = Debug|Any CPU
		{41EB8B51-A0B6-4DBC-8623-991AAC623C18}.Release|Any CPU.ActiveCfg = Release|Any CPU
		{41EB8B51-A0B6-4DBC-8623-991AAC623C18}.Release|Any CPU.Build.0 = Release|Any CPU
		{94B7AB7D-8AF8-4F65-93AA-7BAAC95E7BE3}.Debug|Any CPU.ActiveCfg = Debug|Any CPU
		{94B7AB7D-8AF8-4F65-93AA-7BAAC95E7BE3}.Debug|Any CPU.Build.0 = Debug|Any CPU
		{94B7AB7D-8AF8-4F65-93AA-7BAAC95E7BE3}.Release|Any CPU.ActiveCfg = Release|Any CPU
		{94B7AB7D-8AF8-4F65-93AA-7BAAC95E7BE3}.Release|Any CPU.Build.0 = Release|Any CPU
		{4E9BDBE9-D342-4724-A407-158D73B4286D}.Debug|Any CPU.ActiveCfg = Debug|Any CPU
		{4E9BDBE9-D342-4724-A407-158D73B4286D}.Debug|Any CPU.Build.0 = Debug|Any CPU
		{4E9BDBE9-D342-4724-A407-158D73B4286D}.Release|Any CPU.ActiveCfg = Release|Any CPU
		{4E9BDBE9-D342-4724-A407-158D73B4286D}.Release|Any CPU.Build.0 = Release|Any CPU
		{BD5D8EAF-8110-457A-99F2-0712C08999FB}.Debug|Any CPU.ActiveCfg = Debug|Any CPU
		{BD5D8EAF-8110-457A-99F2-0712C08999FB}.Debug|Any CPU.Build.0 = Debug|Any CPU
		{BD5D8EAF-8110-457A-99F2-0712C08999FB}.Release|Any CPU.ActiveCfg = Release|Any CPU
		{BD5D8EAF-8110-457A-99F2-0712C08999FB}.Release|Any CPU.Build.0 = Release|Any CPU
		{0373706C-2DA4-414E-9B2D-59D4AB715E36}.Debug|Any CPU.ActiveCfg = Debug|Any CPU
		{0373706C-2DA4-414E-9B2D-59D4AB715E36}.Debug|Any CPU.Build.0 = Debug|Any CPU
		{0373706C-2DA4-414E-9B2D-59D4AB715E36}.Release|Any CPU.ActiveCfg = Release|Any CPU
		{0373706C-2DA4-414E-9B2D-59D4AB715E36}.Release|Any CPU.Build.0 = Release|Any CPU
		{0F2B317C-5ABC-4B75-BC0D-1D6F085FEDBE}.Debug|Any CPU.ActiveCfg = Debug|Any CPU
		{0F2B317C-5ABC-4B75-BC0D-1D6F085FEDBE}.Debug|Any CPU.Build.0 = Debug|Any CPU
		{0F2B317C-5ABC-4B75-BC0D-1D6F085FEDBE}.Release|Any CPU.ActiveCfg = Release|Any CPU
		{0F2B317C-5ABC-4B75-BC0D-1D6F085FEDBE}.Release|Any CPU.Build.0 = Release|Any CPU
		{EF32AA24-6B89-435C-B36D-89D1DD39B4B0}.Debug|Any CPU.ActiveCfg = Debug|Any CPU
		{EF32AA24-6B89-435C-B36D-89D1DD39B4B0}.Debug|Any CPU.Build.0 = Debug|Any CPU
		{EF32AA24-6B89-435C-B36D-89D1DD39B4B0}.Release|Any CPU.ActiveCfg = Release|Any CPU
		{EF32AA24-6B89-435C-B36D-89D1DD39B4B0}.Release|Any CPU.Build.0 = Release|Any CPU
		{B10233BE-DC4E-4422-A828-5C191ADFF4B4}.Debug|Any CPU.ActiveCfg = Debug|Any CPU
		{B10233BE-DC4E-4422-A828-5C191ADFF4B4}.Debug|Any CPU.Build.0 = Debug|Any CPU
		{B10233BE-DC4E-4422-A828-5C191ADFF4B4}.Release|Any CPU.ActiveCfg = Release|Any CPU
		{B10233BE-DC4E-4422-A828-5C191ADFF4B4}.Release|Any CPU.Build.0 = Release|Any CPU
		{FF503336-907D-4D14-8F75-96D33A1E6DD6}.Debug|Any CPU.ActiveCfg = Debug|Any CPU
		{FF503336-907D-4D14-8F75-96D33A1E6DD6}.Debug|Any CPU.Build.0 = Debug|Any CPU
		{FF503336-907D-4D14-8F75-96D33A1E6DD6}.Release|Any CPU.ActiveCfg = Release|Any CPU
		{FF503336-907D-4D14-8F75-96D33A1E6DD6}.Release|Any CPU.Build.0 = Release|Any CPU
	EndGlobalSection
	GlobalSection(SolutionProperties) = preSolution
		HideSolutionNode = FALSE
	EndGlobalSection
	GlobalSection(NestedProjects) = preSolution
		{41EB8B51-A0B6-4DBC-8623-991AAC623C18} = {7FCA85EB-D1D0-4624-859B-1CE6EEE25654}
		{4E9BDBE9-D342-4724-A407-158D73B4286D} = {7C8F2A39-7954-43E8-B0EC-37F466C6B3B3}
		{BD5D8EAF-8110-457A-99F2-0712C08999FB} = {7C8F2A39-7954-43E8-B0EC-37F466C6B3B3}
		{0373706C-2DA4-414E-9B2D-59D4AB715E36} = {7FCA85EB-D1D0-4624-859B-1CE6EEE25654}
		{0F2B317C-5ABC-4B75-BC0D-1D6F085FEDBE} = {877EB2FB-CDD6-4E1B-9329-DE46C72252FB}
		{EF32AA24-6B89-435C-B36D-89D1DD39B4B0} = {7FCA85EB-D1D0-4624-859B-1CE6EEE25654}
		{B10233BE-DC4E-4422-A828-5C191ADFF4B4} = {7FCA85EB-D1D0-4624-859B-1CE6EEE25654}
	EndGlobalSection
	GlobalSection(ExtensibilityGlobals) = postSolution
		SolutionGuid = {89F1C467-59EE-4A45-A5F8-236C8D774E00}
	EndGlobalSection
EndGlobal
